// !$*UTF8*$!
{
	archiveVersion = 1;
	classes = {
	};
	objectVersion = 46;
	objects = {

/* Begin PBXBuildFile section */
		97060ADD1EFACA63005E07DB /* UIViewController+Additions.swift in Sources */ = {isa = PBXBuildFile; fileRef = 97060ADC1EFACA63005E07DB /* UIViewController+Additions.swift */; };
		97250A261DFA327800F1EA9D /* AppDelegate.swift in Sources */ = {isa = PBXBuildFile; fileRef = 97250A251DFA327800F1EA9D /* AppDelegate.swift */; };
		97250A281DFA327800F1EA9D /* ViewController.swift in Sources */ = {isa = PBXBuildFile; fileRef = 97250A271DFA327800F1EA9D /* ViewController.swift */; };
		97250A2B1DFA327800F1EA9D /* Main.storyboard in Resources */ = {isa = PBXBuildFile; fileRef = 97250A291DFA327800F1EA9D /* Main.storyboard */; };
		97250A2D1DFA327800F1EA9D /* Assets.xcassets in Resources */ = {isa = PBXBuildFile; fileRef = 97250A2C1DFA327800F1EA9D /* Assets.xcassets */; };
		97250A301DFA327800F1EA9D /* LaunchScreen.storyboard in Resources */ = {isa = PBXBuildFile; fileRef = 97250A2E1DFA327800F1EA9D /* LaunchScreen.storyboard */; };
		97250A391DFA334F00F1EA9D /* ModalViewController.swift in Sources */ = {isa = PBXBuildFile; fileRef = 97250A371DFA334F00F1EA9D /* ModalViewController.swift */; };
		97250A3A1DFA334F00F1EA9D /* ModalViewController.xib in Resources */ = {isa = PBXBuildFile; fileRef = 97250A381DFA334F00F1EA9D /* ModalViewController.xib */; };
/* End PBXBuildFile section */

/* Begin PBXFileReference section */
		97060ADC1EFACA63005E07DB /* UIViewController+Additions.swift */ = {isa = PBXFileReference; lastKnownFileType = sourcecode.swift; path = "UIViewController+Additions.swift"; sourceTree = "<group>"; };
		97250A221DFA327800F1EA9D /* Dismissal.app */ = {isa = PBXFileReference; explicitFileType = wrapper.application; includeInIndex = 0; path = Dismissal.app; sourceTree = BUILT_PRODUCTS_DIR; };
		97250A251DFA327800F1EA9D /* AppDelegate.swift */ = {isa = PBXFileReference; lastKnownFileType = sourcecode.swift; path = AppDelegate.swift; sourceTree = "<group>"; };
		97250A271DFA327800F1EA9D /* ViewController.swift */ = {isa = PBXFileReference; lastKnownFileType = sourcecode.swift; path = ViewController.swift; sourceTree = "<group>"; };
		97250A2A1DFA327800F1EA9D /* Base */ = {isa = PBXFileReference; lastKnownFileType = file.storyboard; name = Base; path = Base.lproj/Main.storyboard; sourceTree = "<group>"; };
		97250A2C1DFA327800F1EA9D /* Assets.xcassets */ = {isa = PBXFileReference; lastKnownFileType = folder.assetcatalog; path = Assets.xcassets; sourceTree = "<group>"; };
		97250A2F1DFA327800F1EA9D /* Base */ = {isa = PBXFileReference; lastKnownFileType = file.storyboard; name = Base; path = Base.lproj/LaunchScreen.storyboard; sourceTree = "<group>"; };
		97250A311DFA327800F1EA9D /* Info.plist */ = {isa = PBXFileReference; lastKnownFileType = text.plist.xml; path = Info.plist; sourceTree = "<group>"; };
		97250A371DFA334F00F1EA9D /* ModalViewController.swift */ = {isa = PBXFileReference; fileEncoding = 4; lastKnownFileType = sourcecode.swift; path = ModalViewController.swift; sourceTree = "<group>"; };
		97250A381DFA334F00F1EA9D /* ModalViewController.xib */ = {isa = PBXFileReference; fileEncoding = 4; lastKnownFileType = file.xib; path = ModalViewController.xib; sourceTree = "<group>"; };
/* End PBXFileReference section */

/* Begin PBXFrameworksBuildPhase section */
		97250A1F1DFA327800F1EA9D /* Frameworks */ = {
			isa = PBXFrameworksBuildPhase;
			buildActionMask = 2147483647;
			files = (
			);
			runOnlyForDeploymentPostprocessing = 0;
		};
/* End PBXFrameworksBuildPhase section */

/* Begin PBXGroup section */
		97250A191DFA327800F1EA9D = {
			isa = PBXGroup;
			children = (
				97250A241DFA327800F1EA9D /* Dismissal */,
				97CE2D881F60EF52006601BF /* Assets */,
				97250A231DFA327800F1EA9D /* Products */,
			);
			sourceTree = "<group>";
		};
		97250A231DFA327800F1EA9D /* Products */ = {
			isa = PBXGroup;
			children = (
				97250A221DFA327800F1EA9D /* Dismissal.app */,
			);
			name = Products;
			sourceTree = "<group>";
		};
		97250A241DFA327800F1EA9D /* Dismissal */ = {
			isa = PBXGroup;
			children = (
				97250A251DFA327800F1EA9D /* AppDelegate.swift */,
				97CE2D861F60EF27006601BF /* View Controllers */,
				97CE2D871F60EF3D006601BF /* Extensions */,
				97CE2D851F60EF06006601BF /* UI */,
			);
			path = Dismissal;
			sourceTree = "<group>";
		};
		97CE2D851F60EF06006601BF /* UI */ = {
			isa = PBXGroup;
			children = (
				97250A381DFA334F00F1EA9D /* ModalViewController.xib */,
				97250A291DFA327800F1EA9D /* Main.storyboard */,
				97250A2E1DFA327800F1EA9D /* LaunchScreen.storyboard */,
			);
			path = UI;
			sourceTree = "<group>";
		};
		97CE2D861F60EF27006601BF /* View Controllers */ = {
			isa = PBXGroup;
			children = (
				97250A271DFA327800F1EA9D /* ViewController.swift */,
				97250A371DFA334F00F1EA9D /* ModalViewController.swift */,
			);
			path = "View Controllers";
			sourceTree = "<group>";
		};
		97CE2D871F60EF3D006601BF /* Extensions */ = {
			isa = PBXGroup;
			children = (
				97060ADC1EFACA63005E07DB /* UIViewController+Additions.swift */,
			);
			path = Extensions;
			sourceTree = "<group>";
		};
		97CE2D881F60EF52006601BF /* Assets */ = {
			isa = PBXGroup;
			children = (
				97250A311DFA327800F1EA9D /* Info.plist */,
				97250A2C1DFA327800F1EA9D /* Assets.xcassets */,
			);
			path = Assets;
			sourceTree = "<group>";
		};
/* End PBXGroup section */

/* Begin PBXNativeTarget section */
		97250A211DFA327800F1EA9D /* Dismissal */ = {
			isa = PBXNativeTarget;
			buildConfigurationList = 97250A341DFA327800F1EA9D /* Build configuration list for PBXNativeTarget "Dismissal" */;
			buildPhases = (
				97250A1E1DFA327800F1EA9D /* Sources */,
				97250A1F1DFA327800F1EA9D /* Frameworks */,
				97250A201DFA327800F1EA9D /* Resources */,
			);
			buildRules = (
			);
			dependencies = (
			);
			name = Dismissal;
			productName = Dismissal;
			productReference = 97250A221DFA327800F1EA9D /* Dismissal.app */;
			productType = "com.apple.product-type.application";
		};
/* End PBXNativeTarget section */

/* Begin PBXProject section */
		97250A1A1DFA327800F1EA9D /* Project object */ = {
			isa = PBXProject;
			attributes = {
				LastSwiftUpdateCheck = 0810;
				LastUpgradeCheck = 0900;
				ORGANIZATIONNAME = "Patrick Maltagliati";
				TargetAttributes = {
					97250A211DFA327800F1EA9D = {
						CreatedOnToolsVersion = 8.1;
						DevelopmentTeam = B33FA55WD3;
						ProvisioningStyle = Automatic;
					};
				};
			};
			buildConfigurationList = 97250A1D1DFA327800F1EA9D /* Build configuration list for PBXProject "Dismissal" */;
			compatibilityVersion = "Xcode 3.2";
			developmentRegion = English;
			hasScannedForEncodings = 0;
			knownRegions = (
				en,
				Base,
			);
			mainGroup = 97250A191DFA327800F1EA9D;
			productRefGroup = 97250A231DFA327800F1EA9D /* Products */;
			projectDirPath = "";
			projectRoot = "";
			targets = (
				97250A211DFA327800F1EA9D /* Dismissal */,
			);
		};
/* End PBXProject section */

/* Begin PBXResourcesBuildPhase section */
		97250A201DFA327800F1EA9D /* Resources */ = {
			isa = PBXResourcesBuildPhase;
			buildActionMask = 2147483647;
			files = (
				97250A3A1DFA334F00F1EA9D /* ModalViewController.xib in Resources */,
				97250A301DFA327800F1EA9D /* LaunchScreen.storyboard in Resources */,
				97250A2D1DFA327800F1EA9D /* Assets.xcassets in Resources */,
				97250A2B1DFA327800F1EA9D /* Main.storyboard in Resources */,
			);
			runOnlyForDeploymentPostprocessing = 0;
		};
/* End PBXResourcesBuildPhase section */

/* Begin PBXSourcesBuildPhase section */
		97250A1E1DFA327800F1EA9D /* Sources */ = {
			isa = PBXSourcesBuildPhase;
			buildActionMask = 2147483647;
			files = (
				97060ADD1EFACA63005E07DB /* UIViewController+Additions.swift in Sources */,
				97250A281DFA327800F1EA9D /* ViewController.swift in Sources */,
				97250A391DFA334F00F1EA9D /* ModalViewController.swift in Sources */,
				97250A261DFA327800F1EA9D /* AppDelegate.swift in Sources */,
			);
			runOnlyForDeploymentPostprocessing = 0;
		};
/* End PBXSourcesBuildPhase section */

/* Begin PBXVariantGroup section */
		97250A291DFA327800F1EA9D /* Main.storyboard */ = {
			isa = PBXVariantGroup;
			children = (
				97250A2A1DFA327800F1EA9D /* Base */,
			);
			name = Main.storyboard;
			sourceTree = "<group>";
		};
		97250A2E1DFA327800F1EA9D /* LaunchScreen.storyboard */ = {
			isa = PBXVariantGroup;
			children = (
				97250A2F1DFA327800F1EA9D /* Base */,
			);
			name = LaunchScreen.storyboard;
			sourceTree = "<group>";
		};
/* End PBXVariantGroup section */

/* Begin XCBuildConfiguration section */
		97250A321DFA327800F1EA9D /* Debug */ = {
			isa = XCBuildConfiguration;
			buildSettings = {
				ALWAYS_SEARCH_USER_PATHS = NO;
				CLANG_ANALYZER_NONNULL = YES;
				CLANG_CXX_LANGUAGE_STANDARD = "gnu++0x";
				CLANG_CXX_LIBRARY = "libc++";
				CLANG_ENABLE_MODULES = YES;
				CLANG_ENABLE_OBJC_ARC = YES;
				CLANG_WARN_BLOCK_CAPTURE_AUTORELEASING = YES;
				CLANG_WARN_BOOL_CONVERSION = YES;
				CLANG_WARN_COMMA = YES;
				CLANG_WARN_CONSTANT_CONVERSION = YES;
				CLANG_WARN_DIRECT_OBJC_ISA_USAGE = YES_ERROR;
				CLANG_WARN_DOCUMENTATION_COMMENTS = YES;
				CLANG_WARN_EMPTY_BODY = YES;
				CLANG_WARN_ENUM_CONVERSION = YES;
				CLANG_WARN_INFINITE_RECURSION = YES;
				CLANG_WARN_INT_CONVERSION = YES;
				CLANG_WARN_NON_LITERAL_NULL_CONVERSION = YES;
				CLANG_WARN_OBJC_LITERAL_CONVERSION = YES;
				CLANG_WARN_OBJC_ROOT_CLASS = YES_ERROR;
				CLANG_WARN_RANGE_LOOP_ANALYSIS = YES;
				CLANG_WARN_STRICT_PROTOTYPES = YES;
				CLANG_WARN_SUSPICIOUS_MOVE = YES;
				CLANG_WARN_SUSPICIOUS_MOVES = YES;
				CLANG_WARN_UNREACHABLE_CODE = YES;
				CLANG_WARN__DUPLICATE_METHOD_MATCH = YES;
				"CODE_SIGN_IDENTITY[sdk=iphoneos*]" = "iPhone Developer";
				COPY_PHASE_STRIP = NO;
				DEBUG_INFORMATION_FORMAT = dwarf;
				ENABLE_STRICT_OBJC_MSGSEND = YES;
				ENABLE_TESTABILITY = YES;
				GCC_C_LANGUAGE_STANDARD = gnu99;
				GCC_DYNAMIC_NO_PIC = NO;
				GCC_NO_COMMON_BLOCKS = YES;
				GCC_OPTIMIZATION_LEVEL = 0;
				GCC_PREPROCESSOR_DEFINITIONS = (
					"DEBUG=1",
					"$(inherited)",
				);
				GCC_WARN_64_TO_32_BIT_CONVERSION = YES;
				GCC_WARN_ABOUT_RETURN_TYPE = YES_ERROR;
				GCC_WARN_UNDECLARED_SELECTOR = YES;
				GCC_WARN_UNINITIALIZED_AUTOS = YES_AGGRESSIVE;
				GCC_WARN_UNUSED_FUNCTION = YES;
				GCC_WARN_UNUSED_VARIABLE = YES;
				IPHONEOS_DEPLOYMENT_TARGET = 10.1;
				MTL_ENABLE_DEBUG_INFO = YES;
				ONLY_ACTIVE_ARCH = YES;
				SDKROOT = iphoneos;
				SWIFT_ACTIVE_COMPILATION_CONDITIONS = DEBUG;
				SWIFT_OPTIMIZATION_LEVEL = "-Onone";
				TARGETED_DEVICE_FAMILY = "1,2";
			};
			name = Debug;
		};
		97250A331DFA327800F1EA9D /* Release */ = {
			isa = XCBuildConfiguration;
			buildSettings = {
				ALWAYS_SEARCH_USER_PATHS = NO;
				CLANG_ANALYZER_NONNULL = YES;
				CLANG_CXX_LANGUAGE_STANDARD = "gnu++0x";
				CLANG_CXX_LIBRARY = "libc++";
				CLANG_ENABLE_MODULES = YES;
				CLANG_ENABLE_OBJC_ARC = YES;
				CLANG_WARN_BLOCK_CAPTURE_AUTORELEASING = YES;
				CLANG_WARN_BOOL_CONVERSION = YES;
				CLANG_WARN_COMMA = YES;
				CLANG_WARN_CONSTANT_CONVERSION = YES;
				CLANG_WARN_DIRECT_OBJC_ISA_USAGE = YES_ERROR;
				CLANG_WARN_DOCUMENTATION_COMMENTS = YES;
				CLANG_WARN_EMPTY_BODY = YES;
				CLANG_WARN_ENUM_CONVERSION = YES;
				CLANG_WARN_INFINITE_RECURSION = YES;
				CLANG_WARN_INT_CONVERSION = YES;
				CLANG_WARN_NON_LITERAL_NULL_CONVERSION = YES;
				CLANG_WARN_OBJC_LITERAL_CONVERSION = YES;
				CLANG_WARN_OBJC_ROOT_CLASS = YES_ERROR;
				CLANG_WARN_RANGE_LOOP_ANALYSIS = YES;
				CLANG_WARN_STRICT_PROTOTYPES = YES;
				CLANG_WARN_SUSPICIOUS_MOVE = YES;
				CLANG_WARN_SUSPICIOUS_MOVES = YES;
				CLANG_WARN_UNREACHABLE_CODE = YES;
				CLANG_WARN__DUPLICATE_METHOD_MATCH = YES;
				"CODE_SIGN_IDENTITY[sdk=iphoneos*]" = "iPhone Developer";
				COPY_PHASE_STRIP = NO;
				DEBUG_INFORMATION_FORMAT = "dwarf-with-dsym";
				ENABLE_NS_ASSERTIONS = NO;
				ENABLE_STRICT_OBJC_MSGSEND = YES;
				GCC_C_LANGUAGE_STANDARD = gnu99;
				GCC_NO_COMMON_BLOCKS = YES;
				GCC_WARN_64_TO_32_BIT_CONVERSION = YES;
				GCC_WARN_ABOUT_RETURN_TYPE = YES_ERROR;
				GCC_WARN_UNDECLARED_SELECTOR = YES;
				GCC_WARN_UNINITIALIZED_AUTOS = YES_AGGRESSIVE;
				GCC_WARN_UNUSED_FUNCTION = YES;
				GCC_WARN_UNUSED_VARIABLE = YES;
				IPHONEOS_DEPLOYMENT_TARGET = 10.1;
				MTL_ENABLE_DEBUG_INFO = NO;
				SDKROOT = iphoneos;
				SWIFT_OPTIMIZATION_LEVEL = "-Owholemodule";
				TARGETED_DEVICE_FAMILY = "1,2";
				VALIDATE_PRODUCT = YES;
			};
			name = Release;
		};
		97250A351DFA327800F1EA9D /* Debug */ = {
			isa = XCBuildConfiguration;
			buildSettings = {
				ASSETCATALOG_COMPILER_APPICON_NAME = AppIcon;
				DEVELOPMENT_TEAM = B33FA55WD3;
				INFOPLIST_FILE = Dismissal/Info.plist;
				LD_RUNPATH_SEARCH_PATHS = "$(inherited) @executable_path/Frameworks";
				PRODUCT_BUNDLE_IDENTIFIER = BadlyCutProductions.Dismissal;
				PRODUCT_NAME = "$(TARGET_NAME)";
				SWIFT_VERSION = 4.0;
			};
			name = Debug;
		};
		97250A361DFA327800F1EA9D /* Release */ = {
			isa = XCBuildConfiguration;
			buildSettings = {
				ASSETCATALOG_COMPILER_APPICON_NAME = AppIcon;
				DEVELOPMENT_TEAM = B33FA55WD3;
				INFOPLIST_FILE = Dismissal/Info.plist;
				LD_RUNPATH_SEARCH_PATHS = "$(inherited) @executable_path/Frameworks";
				PRODUCT_BUNDLE_IDENTIFIER = BadlyCutProductions.Dismissal;
				PRODUCT_NAME = "$(TARGET_NAME)";
				SWIFT_VERSION = 4.0;
			};
			name = Release;
		};
/* End XCBuildConfiguration section */

/* Begin XCConfigurationList section */
		97250A1D1DFA327800F1EA9D /* Build configuration list for PBXProject "Dismissal" */ = {
			isa = XCConfigurationList;
			buildConfigurations = (
				97250A321DFA327800F1EA9D /* Debug */,
				97250A331DFA327800F1EA9D /* Release */,
			);
			defaultConfigurationIsVisible = 0;
			defaultConfigurationName = Release;
		};
		97250A341DFA327800F1EA9D /* Build configuration list for PBXNativeTarget "Dismissal" */ = {
			isa = XCConfigurationList;
			buildConfigurations = (
				97250A351DFA327800F1EA9D /* Debug */,
				97250A361DFA327800F1EA9D /* Release */,
			);
			defaultConfigurationIsVisible = 0;
			defaultConfigurationName = Release;
		};
/* End XCConfigurationList section */
	};
	rootObject = 97250A1A1DFA327800F1EA9D /* Project object */;
}
